
Microsoft Visual Studio Solution File, Format Version 12.00
# Visual Studio Version 17
VisualStudioVersion = 17.4.33205.214
MinimumVisualStudioVersion = 10.0.40219.1
Project("{9A19103F-16F7-4668-BE54-9A1E7A4F7556}") = "IDistributedCacheExample1", "IDistributedCacheExample1\IDistributedCacheExample1.csproj", "{875D746E-8700-4AE7-8461-ACEE2FFD04B2}"
EndProject
Project("{FAE04EC0-301F-11D3-BF4B-00C04F79EFBC}") = "RedisExchangeApi.Web", "RedisExchangeApi.Web\RedisExchangeApi.Web.csproj", "{73975A63-F140-4940-9D52-9FD8EC399944}"
EndProject
Global
	GlobalSection(SolutionConfigurationPlatforms) = preSolution
		Debug|Any CPU = Debug|Any CPU
		Release|Any CPU = Release|Any CPU
	EndGlobalSection
	GlobalSection(ProjectConfigurationPlatforms) = postSolution
		{875D746E-8700-4AE7-8461-ACEE2FFD04B2}.Debug|Any CPU.ActiveCfg = Debug|Any CPU
		{875D746E-8700-4AE7-8461-ACEE2FFD04B2}.Debug|Any CPU.Build.0 = Debug|Any CPU
		{875D746E-8700-4AE7-8461-ACEE2FFD04B2}.Release|Any CPU.ActiveCfg = Release|Any CPU
		{875D746E-8700-4AE7-8461-ACEE2FFD04B2}.Release|Any CPU.Build.0 = Release|Any CPU
		{73975A63-F140-4940-9D52-9FD8EC399944}.Debug|Any CPU.ActiveCfg = Debug|Any CPU
		{73975A63-F140-4940-9D52-9FD8EC399944}.Debug|Any CPU.Build.0 = Debug|Any CPU
		{73975A63-F140-4940-9D52-9FD8EC399944}.Release|Any CPU.ActiveCfg = Release|Any CPU
		{73975A63-F140-4940-9D52-9FD8EC399944}.Release|Any CPU.Build.0 = Release|Any CPU
	EndGlobalSection
	GlobalSection(SolutionProperties) = preSolution
		HideSolutionNode = FALSE
	EndGlobalSection
	GlobalSection(ExtensibilityGlobals) = postSolution
		SolutionGuid = {3E54353F-13A7-4CC4-9ED2-66BF39292CA1}
	EndGlobalSection
EndGlobal
